
Microsoft Visual Studio Solution File, Format Version 12.00
# Visual Studio Version 17
VisualStudioVersion = 17.14.36310.24
MinimumVisualStudioVersion = 10.0.40219.1
Project("{FAE04EC0-301F-11D3-BF4B-00C04F79EFBC}") = "Dourfor.Core", "Dourfor.Core\Dourfor.Core.csproj", "{4AECFCF5-B3ED-4591-88D8-4827B7A6655A}"
EndProject
Project("{FAE04EC0-301F-11D3-BF4B-00C04F79EFBC}") = "Dourfor.Api", "Dourfor.Api\Dourfor.Api.csproj", "{06D1DE80-8802-4920-97E2-A9CC9322EF05}"
EndProject
Project("{FAE04EC0-301F-11D3-BF4B-00C04F79EFBC}") = "Dourfor.Web", "Dourfor.Web\Dourfor.Web.csproj", "{940DD59C-327D-48C2-A9B6-21359E819A62}"
EndProject
Project("{FAE04EC0-301F-11D3-BF4B-00C04F79EFBC}") = "Dourfor.UI", "Dourfor.UI\Dourfor.UI.csproj", "{94F5C825-2E42-41A5-9389-102C3D9B1B54}"
EndProject
Global
	GlobalSection(SolutionConfigurationPlatforms) = preSolution
		Debug|Any CPU = Debug|Any CPU
		Debug|x64 = Debug|x64
		Debug|x86 = Debug|x86
		Release|Any CPU = Release|Any CPU
		Release|x64 = Release|x64
		Release|x86 = Release|x86
	EndGlobalSection
	GlobalSection(ProjectConfigurationPlatforms) = postSolution
		{4AECFCF5-B3ED-4591-88D8-4827B7A6655A}.Debug|Any CPU.ActiveCfg = Debug|Any CPU
		{4AECFCF5-B3ED-4591-88D8-4827B7A6655A}.Debug|Any CPU.Build.0 = Debug|Any CPU
		{4AECFCF5-B3ED-4591-88D8-4827B7A6655A}.Debug|x64.ActiveCfg = Debug|Any CPU
		{4AECFCF5-B3ED-4591-88D8-4827B7A6655A}.Debug|x64.Build.0 = Debug|Any CPU
		{4AECFCF5-B3ED-4591-88D8-4827B7A6655A}.Debug|x86.ActiveCfg = Debug|Any CPU
		{4AECFCF5-B3ED-4591-88D8-4827B7A6655A}.Debug|x86.Build.0 = Debug|Any CPU
		{4AECFCF5-B3ED-4591-88D8-4827B7A6655A}.Release|Any CPU.ActiveCfg = Release|Any CPU
		{4AECFCF5-B3ED-4591-88D8-4827B7A6655A}.Release|Any CPU.Build.0 = Release|Any CPU
		{4AECFCF5-B3ED-4591-88D8-4827B7A6655A}.Release|x64.ActiveCfg = Release|Any CPU
		{4AECFCF5-B3ED-4591-88D8-4827B7A6655A}.Release|x64.Build.0 = Release|Any CPU
		{4AECFCF5-B3ED-4591-88D8-4827B7A6655A}.Release|x86.ActiveCfg = Release|Any CPU
		{4AECFCF5-B3ED-4591-88D8-4827B7A6655A}.Release|x86.Build.0 = Release|Any CPU
		{06D1DE80-8802-4920-97E2-A9CC9322EF05}.Debug|Any CPU.ActiveCfg = Debug|Any CPU
		{06D1DE80-8802-4920-97E2-A9CC9322EF05}.Debug|Any CPU.Build.0 = Debug|Any CPU
		{06D1DE80-8802-4920-97E2-A9CC9322EF05}.Debug|x64.ActiveCfg = Debug|Any CPU
		{06D1DE80-8802-4920-97E2-A9CC9322EF05}.Debug|x64.Build.0 = Debug|Any CPU
		{06D1DE80-8802-4920-97E2-A9CC9322EF05}.Debug|x86.ActiveCfg = Debug|Any CPU
		{06D1DE80-8802-4920-97E2-A9CC9322EF05}.Debug|x86.Build.0 = Debug|Any CPU
		{06D1DE80-8802-4920-97E2-A9CC9322EF05}.Release|Any CPU.ActiveCfg = Release|Any CPU
		{06D1DE80-8802-4920-97E2-A9CC9322EF05}.Release|Any CPU.Build.0 = Release|Any CPU
		{06D1DE80-8802-4920-97E2-A9CC9322EF05}.Release|x64.ActiveCfg = Release|Any CPU
		{06D1DE80-8802-4920-97E2-A9CC9322EF05}.Release|x64.Build.0 = Release|Any CPU
		{06D1DE80-8802-4920-97E2-A9CC9322EF05}.Release|x86.ActiveCfg = Release|Any CPU
		{06D1DE80-8802-4920-97E2-A9CC9322EF05}.Release|x86.Build.0 = Release|Any CPU
		{940DD59C-327D-48C2-A9B6-21359E819A62}.Debug|Any CPU.ActiveCfg = Debug|Any CPU
		{940DD59C-327D-48C2-A9B6-21359E819A62}.Debug|Any CPU.Build.0 = Debug|Any CPU
		{940DD59C-327D-48C2-A9B6-21359E819A62}.Debug|x64.ActiveCfg = Debug|Any CPU
		{940DD59C-327D-48C2-A9B6-21359E819A62}.Debug|x64.Build.0 = Debug|Any CPU
		{940DD59C-327D-48C2-A9B6-21359E819A62}.Debug|x86.ActiveCfg = Debug|Any CPU
		{940DD59C-327D-48C2-A9B6-21359E819A62}.Debug|x86.Build.0 = Debug|Any CPU
		{940DD59C-327D-48C2-A9B6-21359E819A62}.Release|Any CPU.ActiveCfg = Release|Any CPU
		{940DD59C-327D-48C2-A9B6-21359E819A62}.Release|Any CPU.Build.0 = Release|Any CPU
		{940DD59C-327D-48C2-A9B6-21359E819A62}.Release|x64.ActiveCfg = Release|Any CPU
		{940DD59C-327D-48C2-A9B6-21359E819A62}.Release|x64.Build.0 = Release|Any CPU
		{940DD59C-327D-48C2-A9B6-21359E819A62}.Release|x86.ActiveCfg = Release|Any CPU
		{940DD59C-327D-48C2-A9B6-21359E819A62}.Release|x86.Build.0 = Release|Any CPU
		{94F5C825-2E42-41A5-9389-102C3D9B1B54}.Debug|Any CPU.ActiveCfg = Debug|Any CPU
		{94F5C825-2E42-41A5-9389-102C3D9B1B54}.Debug|Any CPU.Build.0 = Debug|Any CPU
		{94F5C825-2E42-41A5-9389-102C3D9B1B54}.Debug|Any CPU.Deploy.0 = Debug|Any CPU
		{94F5C825-2E42-41A5-9389-102C3D9B1B54}.Debug|x64.ActiveCfg = Debug|Any CPU
		{94F5C825-2E42-41A5-9389-102C3D9B1B54}.Debug|x64.Build.0 = Debug|Any CPU
		{94F5C825-2E42-41A5-9389-102C3D9B1B54}.Debug|x86.ActiveCfg = Debug|Any CPU
		{94F5C825-2E42-41A5-9389-102C3D9B1B54}.Debug|x86.Build.0 = Debug|Any CPU
		{94F5C825-2E42-41A5-9389-102C3D9B1B54}.Release|Any CPU.ActiveCfg = Release|Any CPU
		{94F5C825-2E42-41A5-9389-102C3D9B1B54}.Release|Any CPU.Build.0 = Release|Any CPU
		{94F5C825-2E42-41A5-9389-102C3D9B1B54}.Release|x64.ActiveCfg = Release|Any CPU
		{94F5C825-2E42-41A5-9389-102C3D9B1B54}.Release|x64.Build.0 = Release|Any CPU
		{94F5C825-2E42-41A5-9389-102C3D9B1B54}.Release|x86.ActiveCfg = Release|Any CPU
		{94F5C825-2E42-41A5-9389-102C3D9B1B54}.Release|x86.Build.0 = Release|Any CPU
	EndGlobalSection
	GlobalSection(SolutionProperties) = preSolution
		HideSolutionNode = FALSE
	EndGlobalSection
	GlobalSection(ExtensibilityGlobals) = postSolution
		SolutionGuid = {9BB7152D-964A-4CE6-A89C-D383052DACC5}
	EndGlobalSection
EndGlobal
